
Microsoft Visual Studio Solution File, Format Version 12.00
# Visual Studio 15
VisualStudioVersion = 15.0.28010.2026
MinimumVisualStudioVersion = 10.0.40219.1
Project("{FAE04EC0-301F-11D3-BF4B-00C04F79EFBC}") = "XBottomSheet.Touch", "XBottomSheet.Touch\XBottomSheet.Touch.csproj", "{138DBB7C-62F4-4455-8E05-3D6DE059AD5F}"
EndProject
Global
	GlobalSection(SolutionConfigurationPlatforms) = preSolution
		Debug|Any CPU = Debug|Any CPU
		Release|Any CPU = Release|Any CPU
		Debug|iPhoneSimulator = Debug|iPhoneSimulator
		Release|iPhone = Release|iPhone
		Release|iPhoneSimulator = Release|iPhoneSimulator
		Debug|iPhone = Debug|iPhone
	EndGlobalSection
	GlobalSection(ProjectConfigurationPlatforms) = postSolution
		{138DBB7C-62F4-4455-8E05-3D6DE059AD5F}.Debug|Any CPU.ActiveCfg = Debug|iPhoneSimulator
		{138DBB7C-62F4-4455-8E05-3D6DE059AD5F}.Debug|Any CPU.Build.0 = Debug|iPhoneSimulator
		{138DBB7C-62F4-4455-8E05-3D6DE059AD5F}.Release|Any CPU.ActiveCfg = Release|iPhone
		{138DBB7C-62F4-4455-8E05-3D6DE059AD5F}.Release|Any CPU.Build.0 = Release|iPhone
		{138DBB7C-62F4-4455-8E05-3D6DE059AD5F}.Debug|iPhoneSimulator.ActiveCfg = Debug|iPhoneSimulator
		{138DBB7C-62F4-4455-8E05-3D6DE059AD5F}.Debug|iPhoneSimulator.Build.0 = Debug|iPhoneSimulator
		{138DBB7C-62F4-4455-8E05-3D6DE059AD5F}.Release|iPhone.ActiveCfg = Release|iPhone
		{138DBB7C-62F4-4455-8E05-3D6DE059AD5F}.Release|iPhone.Build.0 = Release|iPhone
		{138DBB7C-62F4-4455-8E05-3D6DE059AD5F}.Release|iPhoneSimulator.ActiveCfg = Release|iPhoneSimulator
		{138DBB7C-62F4-4455-8E05-3D6DE059AD5F}.Release|iPhoneSimulator.Build.0 = Release|iPhoneSimulator
		{138DBB7C-62F4-4455-8E05-3D6DE059AD5F}.Debug|iPhone.ActiveCfg = Debug|iPhone
		{138DBB7C-62F4-4455-8E05-3D6DE059AD5F}.Debug|iPhone.Build.0 = Debug|iPhone
	EndGlobalSection
	GlobalSection(SolutionProperties) = preSolution
		HideSolutionNode = FALSE
	EndGlobalSection
	GlobalSection(ExtensibilityGlobals) = postSolution
		SolutionGuid = {59D76DAF-EA24-40A7-9F25-4F56478D7600}
	EndGlobalSection
EndGlobal
