
Microsoft Visual Studio Solution File, Format Version 12.00
# Visual Studio 15
VisualStudioVersion = 15.0.28010.2026
MinimumVisualStudioVersion = 10.0.40219.1
Project("{FAE04EC0-301F-11D3-BF4B-00C04F79EFBC}") = "XBottomSheet.Touch", "XBottomSheet.Touch\XBottomSheet.Touch.csproj", "{138DBB7C-62F4-4455-8E05-3D6DE059AD5F}"
EndProject
Project("{FAE04EC0-301F-11D3-BF4B-00C04F79EFBC}") = "XBottomSheet.Touch.Sample", "XBottomSheet.Samples\XBottomSheet.Touch\XBottomSheet.Touch.Sample.csproj", "{7E900F6F-7BB6-4BE7-90BD-E07BDF35C856}"
EndProject
Project("{FAE04EC0-301F-11D3-BF4B-00C04F79EFBC}") = "XBottomSheet.Droid", "XBottomSheet.Droid\XBottomSheet.Droid.csproj", "{D2C9A2F4-A39E-4E86-B700-4E0D6413C449}"
EndProject
Project("{FAE04EC0-301F-11D3-BF4B-00C04F79EFBC}") = "XBottomSheet.Droid.Sample", "XBottomSheet.Samples\XBottomSheet.Droid\XBottomSheet.Droid.Sample.csproj", "{5F6ADF16-1AED-4B17-BEEA-746FFDAB161A}"
EndProject
Global
	GlobalSection(SolutionConfigurationPlatforms) = preSolution
		Debug|Any CPU = Debug|Any CPU
		Debug|iPhone = Debug|iPhone
		Debug|iPhoneSimulator = Debug|iPhoneSimulator
		Release|Any CPU = Release|Any CPU
		Release|iPhone = Release|iPhone
		Release|iPhoneSimulator = Release|iPhoneSimulator
	EndGlobalSection
	GlobalSection(ProjectConfigurationPlatforms) = postSolution
		{138DBB7C-62F4-4455-8E05-3D6DE059AD5F}.Debug|Any CPU.ActiveCfg = Debug|iPhoneSimulator
		{138DBB7C-62F4-4455-8E05-3D6DE059AD5F}.Debug|Any CPU.Build.0 = Debug|iPhoneSimulator
		{138DBB7C-62F4-4455-8E05-3D6DE059AD5F}.Debug|iPhone.ActiveCfg = Debug|iPhone
		{138DBB7C-62F4-4455-8E05-3D6DE059AD5F}.Debug|iPhone.Build.0 = Debug|iPhone
		{138DBB7C-62F4-4455-8E05-3D6DE059AD5F}.Debug|iPhoneSimulator.ActiveCfg = Debug|iPhoneSimulator
		{138DBB7C-62F4-4455-8E05-3D6DE059AD5F}.Debug|iPhoneSimulator.Build.0 = Debug|iPhoneSimulator
		{138DBB7C-62F4-4455-8E05-3D6DE059AD5F}.Release|Any CPU.ActiveCfg = Release|iPhone
		{138DBB7C-62F4-4455-8E05-3D6DE059AD5F}.Release|Any CPU.Build.0 = Release|iPhone
		{138DBB7C-62F4-4455-8E05-3D6DE059AD5F}.Release|iPhone.ActiveCfg = Release|iPhone
		{138DBB7C-62F4-4455-8E05-3D6DE059AD5F}.Release|iPhone.Build.0 = Release|iPhone
		{138DBB7C-62F4-4455-8E05-3D6DE059AD5F}.Release|iPhoneSimulator.ActiveCfg = Release|iPhoneSimulator
		{138DBB7C-62F4-4455-8E05-3D6DE059AD5F}.Release|iPhoneSimulator.Build.0 = Release|iPhoneSimulator
		{7E900F6F-7BB6-4BE7-90BD-E07BDF35C856}.Debug|Any CPU.ActiveCfg = Debug|iPhoneSimulator
		{7E900F6F-7BB6-4BE7-90BD-E07BDF35C856}.Debug|Any CPU.Build.0 = Debug|iPhoneSimulator
		{7E900F6F-7BB6-4BE7-90BD-E07BDF35C856}.Debug|iPhone.ActiveCfg = Debug|iPhone
		{7E900F6F-7BB6-4BE7-90BD-E07BDF35C856}.Debug|iPhone.Build.0 = Debug|iPhone
		{7E900F6F-7BB6-4BE7-90BD-E07BDF35C856}.Debug|iPhoneSimulator.ActiveCfg = Debug|iPhoneSimulator
		{7E900F6F-7BB6-4BE7-90BD-E07BDF35C856}.Debug|iPhoneSimulator.Build.0 = Debug|iPhoneSimulator
		{7E900F6F-7BB6-4BE7-90BD-E07BDF35C856}.Release|Any CPU.ActiveCfg = Release|iPhone
		{7E900F6F-7BB6-4BE7-90BD-E07BDF35C856}.Release|Any CPU.Build.0 = Release|iPhone
		{7E900F6F-7BB6-4BE7-90BD-E07BDF35C856}.Release|iPhone.ActiveCfg = Release|iPhone
		{7E900F6F-7BB6-4BE7-90BD-E07BDF35C856}.Release|iPhone.Build.0 = Release|iPhone
		{7E900F6F-7BB6-4BE7-90BD-E07BDF35C856}.Release|iPhoneSimulator.ActiveCfg = Release|iPhoneSimulator
		{7E900F6F-7BB6-4BE7-90BD-E07BDF35C856}.Release|iPhoneSimulator.Build.0 = Release|iPhoneSimulator
		{D2C9A2F4-A39E-4E86-B700-4E0D6413C449}.Debug|Any CPU.ActiveCfg = Debug|Any CPU
		{D2C9A2F4-A39E-4E86-B700-4E0D6413C449}.Debug|Any CPU.Build.0 = Debug|Any CPU
		{D2C9A2F4-A39E-4E86-B700-4E0D6413C449}.Debug|Any CPU.Deploy.0 = Debug|Any CPU
		{D2C9A2F4-A39E-4E86-B700-4E0D6413C449}.Debug|iPhone.ActiveCfg = Debug|Any CPU
		{D2C9A2F4-A39E-4E86-B700-4E0D6413C449}.Debug|iPhone.Build.0 = Debug|Any CPU
		{D2C9A2F4-A39E-4E86-B700-4E0D6413C449}.Debug|iPhone.Deploy.0 = Debug|Any CPU
		{D2C9A2F4-A39E-4E86-B700-4E0D6413C449}.Debug|iPhoneSimulator.ActiveCfg = Debug|Any CPU
		{D2C9A2F4-A39E-4E86-B700-4E0D6413C449}.Debug|iPhoneSimulator.Build.0 = Debug|Any CPU
		{D2C9A2F4-A39E-4E86-B700-4E0D6413C449}.Debug|iPhoneSimulator.Deploy.0 = Debug|Any CPU
		{D2C9A2F4-A39E-4E86-B700-4E0D6413C449}.Release|Any CPU.ActiveCfg = Release|Any CPU
		{D2C9A2F4-A39E-4E86-B700-4E0D6413C449}.Release|Any CPU.Build.0 = Release|Any CPU
		{D2C9A2F4-A39E-4E86-B700-4E0D6413C449}.Release|Any CPU.Deploy.0 = Release|Any CPU
		{D2C9A2F4-A39E-4E86-B700-4E0D6413C449}.Release|iPhone.ActiveCfg = Release|Any CPU
		{D2C9A2F4-A39E-4E86-B700-4E0D6413C449}.Release|iPhone.Build.0 = Release|Any CPU
		{D2C9A2F4-A39E-4E86-B700-4E0D6413C449}.Release|iPhone.Deploy.0 = Release|Any CPU
		{D2C9A2F4-A39E-4E86-B700-4E0D6413C449}.Release|iPhoneSimulator.ActiveCfg = Release|Any CPU
		{D2C9A2F4-A39E-4E86-B700-4E0D6413C449}.Release|iPhoneSimulator.Build.0 = Release|Any CPU
		{D2C9A2F4-A39E-4E86-B700-4E0D6413C449}.Release|iPhoneSimulator.Deploy.0 = Release|Any CPU
		{5F6ADF16-1AED-4B17-BEEA-746FFDAB161A}.Debug|Any CPU.ActiveCfg = Debug|Any CPU
		{5F6ADF16-1AED-4B17-BEEA-746FFDAB161A}.Debug|Any CPU.Build.0 = Debug|Any CPU
		{5F6ADF16-1AED-4B17-BEEA-746FFDAB161A}.Debug|Any CPU.Deploy.0 = Debug|Any CPU
		{5F6ADF16-1AED-4B17-BEEA-746FFDAB161A}.Debug|iPhone.ActiveCfg = Debug|Any CPU
		{5F6ADF16-1AED-4B17-BEEA-746FFDAB161A}.Debug|iPhone.Build.0 = Debug|Any CPU
		{5F6ADF16-1AED-4B17-BEEA-746FFDAB161A}.Debug|iPhone.Deploy.0 = Debug|Any CPU
		{5F6ADF16-1AED-4B17-BEEA-746FFDAB161A}.Debug|iPhoneSimulator.ActiveCfg = Debug|Any CPU
		{5F6ADF16-1AED-4B17-BEEA-746FFDAB161A}.Debug|iPhoneSimulator.Build.0 = Debug|Any CPU
		{5F6ADF16-1AED-4B17-BEEA-746FFDAB161A}.Debug|iPhoneSimulator.Deploy.0 = Debug|Any CPU
		{5F6ADF16-1AED-4B17-BEEA-746FFDAB161A}.Release|Any CPU.ActiveCfg = Release|Any CPU
		{5F6ADF16-1AED-4B17-BEEA-746FFDAB161A}.Release|Any CPU.Build.0 = Release|Any CPU
		{5F6ADF16-1AED-4B17-BEEA-746FFDAB161A}.Release|Any CPU.Deploy.0 = Release|Any CPU
		{5F6ADF16-1AED-4B17-BEEA-746FFDAB161A}.Release|iPhone.ActiveCfg = Release|Any CPU
		{5F6ADF16-1AED-4B17-BEEA-746FFDAB161A}.Release|iPhone.Build.0 = Release|Any CPU
		{5F6ADF16-1AED-4B17-BEEA-746FFDAB161A}.Release|iPhone.Deploy.0 = Release|Any CPU
		{5F6ADF16-1AED-4B17-BEEA-746FFDAB161A}.Release|iPhoneSimulator.ActiveCfg = Release|Any CPU
		{5F6ADF16-1AED-4B17-BEEA-746FFDAB161A}.Release|iPhoneSimulator.Build.0 = Release|Any CPU
		{5F6ADF16-1AED-4B17-BEEA-746FFDAB161A}.Release|iPhoneSimulator.Deploy.0 = Release|Any CPU
	EndGlobalSection
	GlobalSection(SolutionProperties) = preSolution
		HideSolutionNode = FALSE
	EndGlobalSection
	GlobalSection(ExtensibilityGlobals) = postSolution
		SolutionGuid = {59D76DAF-EA24-40A7-9F25-4F56478D7600}
	EndGlobalSection
EndGlobal
